<Solution>
  <Folder Name="/Elementos de la solución/">
    <File Path=".dockerignore" />
    <File Path=".gitignore" />
    <File Path="CHECKLIST.md" />
    <File Path="docker-compose.yml" />
    <File Path="Dockerfile" />
    <File Path="README.md" />
  </Folder>
  <Project Path="FutbolLeague.API/FutbolLeague.API.csproj" />
  <Project Path="FutbolLeague.Application/FutbolLeague.Application.csproj" />
  <Project Path="FutbolLeague.Domain/FutbolLeague.Domain.csproj" />
  <Project Path="FutbolLeague.Infrastructure/FutbolLeague.Infrastructure.csproj" />
</Solution>
